Microsoft Visual Studio Solution File, Format Version 12.00
# Visual Studio Version 17
VisualStudioVersion = 17.5.2.0
MinimumVisualStudioVersion = 10.0.40219.1
Project("{FAE04EC0-301F-11D3-BF4B-00C04F79EFBC}") = "aca-dts", "aca-dts.csproj", "{51BA1E4E-40CB-2B93-31FA-23FA0DEAFABA}"
EndProject
Global
	GlobalSection(SolutionConfigurationPlatforms) = preSolution
		Debug|Any CPU = Debug|Any CPU
		Release|Any CPU = Release|Any CPU
	EndGlobalSection
	GlobalSection(ProjectConfigurationPlatforms) = postSolution
		{51BA1E4E-40CB-2B93-31FA-23FA0DEAFABA}.Debug|Any CPU.ActiveCfg = Debug|Any CPU
		{51BA1E4E-40CB-2B93-31FA-23FA0DEAFABA}.Debug|Any CPU.Build.0 = Debug|Any CPU
		{51BA1E4E-40CB-2B93-31FA-23FA0DEAFABA}.Release|Any CPU.ActiveCfg = Release|Any CPU
		{51BA1E4E-40CB-2B93-31FA-23FA0DEAFABA}.Release|Any CPU.Build.0 = Release|Any CPU
	EndGlobalSection
	GlobalSection(SolutionProperties) = preSolution
		HideSolutionNode = FALSE
	EndGlobalSection
	GlobalSection(ExtensibilityGlobals) = postSolution
		SolutionGuid = {EF13E77B-F398-44F3-9FCC-03ACC5D8CA1D}
	EndGlobalSection
EndGlobal
